<?xml version="1.0" encoding="utf-8"?>
<Project ToolsVersion="4.0" xmlns="http://schemas.microsoft.com/developer/msbuild/2003">
  <ItemGroup>
    <ClCompile Include="..\..\core\IData.cpp">
      <Filter>core</Filter>
    </ClCompile>
    <ClCompile Include="..\..\public\tinyxml\md5.cpp">
      <Filter>public\xml</Filter>
    </ClCompile>
    <ClCompile Include="..\..\public\tinyxml\tinystr.cpp">
      <Filter>public\xml</Filter>
    </ClCompile>
    <ClCompile Include="..\..\public\tinyxml\tinyxml.cpp">
      <Filter>public\xml</Filter>
    </ClCompile>
    <ClCompile Include="..\..\public\tinyxml\tinyxmlerror.cpp">
      <Filter>public\xml</Filter>
    </ClCompile>
    <ClCompile Include="..\..\public\tinyxml\tinyxmlparser.cpp">
      <Filter>public\xml</Filter>
    </ClCompile>
    <ClCompile Include="..\..\public\PublicEntry.cpp">
      <Filter>public</Filter>
    </ClCompile>
    <ClCompile Include="..\..\core\WindowsServer_Recycle.cpp">
      <Filter>core</Filter>
    </ClCompile>
    <ClCompile Include="..\..\core\WindowsServer.cpp">
      <Filter>core</Filter>
    </ClCompile>
    <ClCompile Include="..\..\core\WindowsServer_API.cpp">
      <Filter>core</Filter>
    </ClCompile>
    <ClCompile Include="GameManager.cpp">
      <Filter>game</Filter>
    </ClCompile>
    <ClCompile Include="GameCommand.cpp">
      <Filter>game</Filter>
    </ClCompile>
    <ClCompile Include="..\..\core\MyClient.cpp">
      <Filter>core</Filter>
    </ClCompile>
    <ClCompile Include="..\..\core\MyClient_API.cpp">
      <Filter>core</Filter>
    </ClCompile>
    <ClCompile Include="WindowsClientMain.cpp" />
    <ClCompile Include="GameTest.cpp">
      <Filter>game</Filter>
    </ClCompile>
  </ItemGroup>
  <ItemGroup>
    <Filter Include="core">
      <UniqueIdentifier>{acf22d79-de98-4e8f-8c3b-6cb2a86fa3d2}</UniqueIdentifier>
    </Filter>
    <Filter Include="public">
      <UniqueIdentifier>{ebe1f865-b6d7-466c-98c3-2fc513216133}</UniqueIdentifier>
    </Filter>
    <Filter Include="game">
      <UniqueIdentifier>{35023862-621c-4484-ab94-d349f56ddc15}</UniqueIdentifier>
    </Filter>
    <Filter Include="public\xml">
      <UniqueIdentifier>{3cb6772e-067c-441d-87b6-94725fce8bbb}</UniqueIdentifier>
    </Filter>
  </ItemGroup>
  <ItemGroup>
    <ClInclude Include="..\..\core\IData.h">
      <Filter>core</Filter>
    </ClInclude>
    <ClInclude Include="..\..\public\tinyxml\md5.h">
      <Filter>public\xml</Filter>
    </ClInclude>
    <ClInclude Include="..\..\public\tinyxml\tinystr.h">
      <Filter>public\xml</Filter>
    </ClInclude>
    <ClInclude Include="..\..\public\tinyxml\tinyxml.h">
      <Filter>public\xml</Filter>
    </ClInclude>
    <ClInclude Include="..\..\public\PublicEntry.h">
      <Filter>public</Filter>
    </ClInclude>
    <ClInclude Include="..\..\core\ITcp.h">
      <Filter>core</Filter>
    </ClInclude>
    <ClInclude Include="..\..\core\WindowsServer.h">
      <Filter>core</Filter>
    </ClInclude>
    <ClInclude Include="GameManager.h">
      <Filter>game</Filter>
    </ClInclude>
    <ClInclude Include="GameCommand.h">
      <Filter>game</Filter>
    </ClInclude>
    <ClInclude Include="..\..\core\MyClient.h">
      <Filter>core</Filter>
    </ClInclude>
    <ClInclude Include="GameTest.h">
      <Filter>game</Filter>
    </ClInclude>
  </ItemGroup>
  <ItemGroup>
    <Xml Include="..\exe\config_app.xml">
      <Filter>public</Filter>
    </Xml>
    <Xml Include="..\exe\config_remote.xml">
      <Filter>public</Filter>
    </Xml>
  </ItemGroup>
</Project>